// !$*UTF8*$!
{
	archiveVersion = 1;
	classes = {
	};
	objectVersion = 54;
	objects = {

/* Begin PBXBuildFile section */
		00ACE6DCB8C549D394EF583C /* Pretendard-ExtraBold.otf in Resources */ = {isa = PBXBuildFile; fileRef = 6B1C038D5546405C80BCB651 /* Pretendard-ExtraBold.otf */; };
		00E356F31AD99517003FC87E /* Renzzle_FETests.m in Sources */ = {isa = PBXBuildFile; fileRef = 00E356F21AD99517003FC87E /* Renzzle_FETests.m */; };
		0C80B921A6F3F58F76C31292 /* libPods-Renzzle_FE.a in Frameworks */ = {isa = PBXBuildFile; fileRef = 5DCACB8F33CDC322A6C60F78 /* libPods-Renzzle_FE.a */; };
		0D019E02D39C4083ADE31C08 /* Pretendard-Medium.otf in Resources */ = {isa = PBXBuildFile; fileRef = FDE99AAE8D6C4A559F29954E /* Pretendard-Medium.otf */; };
		0ED8DA9F1E0042CFA57FD1CD /* Pretendard-SemiBold.otf in Resources */ = {isa = PBXBuildFile; fileRef = 7964682888524A1FA27098AA /* Pretendard-SemiBold.otf */; };
		0EEFF8ADF8404EADB495B822 /* Pretendard-ExtraLight.otf in Resources */ = {isa = PBXBuildFile; fileRef = A012B297AA8049D4AEBAF65B /* Pretendard-ExtraLight.otf */; };
		13B07FBC1A68108700A75B9A /* AppDelegate.mm in Sources */ = {isa = PBXBuildFile; fileRef = 13B07FB01A68108700A75B9A /* AppDelegate.mm */; };
		13B07FBF1A68108700A75B9A /* Images.xcassets in Resources */ = {isa = PBXBuildFile; fileRef = 13B07FB51A68108700A75B9A /* Images.xcassets */; };
		13B07FC11A68108700A75B9A /* main.m in Sources */ = {isa = PBXBuildFile; fileRef = 13B07FB71A68108700A75B9A /* main.m */; };
		167935D67F814335B547FCF4 /* NanumSquareNeoOTF-Rg.otf in Resources */ = {isa = PBXBuildFile; fileRef = CF811C82C76342228AE69237 /* NanumSquareNeoOTF-Rg.otf */; };
		1A61B76662E04871A09D57E3 /* NanumSquareNeoOTF-Bd.otf in Resources */ = {isa = PBXBuildFile; fileRef = 9DD44397068D492B8B279E26 /* NanumSquareNeoOTF-Bd.otf */; };
		2B5EF99D6E524BE086121C1F /* NanumSquareNeoOTF-Hv.otf in Resources */ = {isa = PBXBuildFile; fileRef = 62757638245E4E56B4E93AA8 /* NanumSquareNeoOTF-Hv.otf */; };
		39E08EABC86149AC82E64B10 /* NanumSquareNeoOTF-Eb.otf in Resources */ = {isa = PBXBuildFile; fileRef = 93A6A0D3F7F9454FBFEA3DEF /* NanumSquareNeoOTF-Eb.otf */; };
		3CD0899E627E495186C92C9E /* Colors.xcassets in Resources */ = {isa = PBXBuildFile; fileRef = 2DB4E04F1FEC4218831A980F /* Colors.xcassets */; };
		414B48C111A74436B23D112F /* NanumSquareNeoOTF-Lt.otf in Resources */ = {isa = PBXBuildFile; fileRef = 2F4C0F0A452F44359F23BEE1 /* NanumSquareNeoOTF-Lt.otf */; };
		497B0EAC736D414287312E30 /* Pretendard-Black.otf in Resources */ = {isa = PBXBuildFile; fileRef = F3F0BF32ED294F3A94D1317C /* Pretendard-Black.otf */; };
		4B9E2DC0ECB391AC61810A65 /* PrivacyInfo.xcprivacy in Resources */ = {isa = PBXBuildFile; fileRef = 9095129BA970934F7713F120 /* PrivacyInfo.xcprivacy */; };
		66B4D082EE5147C3B0A0A270 /* ChangaOne-Regular.ttf in Resources */ = {isa = PBXBuildFile; fileRef = 4EA43DD933DD409B87ADC870 /* ChangaOne-Regular.ttf */; };
		6FE3888C2FA0B19800896508 /* CMakeLists.txt in Resources */ = {isa = PBXBuildFile; fileRef = 6FE388892FA0B19800896508 /* CMakeLists.txt */; };
		6FE3889D2FA0C51E00896508 /* RenzzleModules.mm in Sources */ = {isa = PBXBuildFile; fileRef = 6FE3889C2FA0C51500896508 /* RenzzleModules.mm */; };
		7699B88040F8A987B510C191 /* libPods-Renzzle_FE-Renzzle_FETests.a in Frameworks */ = {isa = PBXBuildFile; fileRef = 19F6CBCC0A4E27FBF8BF4A61 /* libPods-Renzzle_FE-Renzzle_FETests.a */; };
		81AB9BB82411601600AC10FF /* LaunchScreen.storyboard in Resources */ = {isa = PBXBuildFile; fileRef = 81AB9BB72411601600AC10FF /* LaunchScreen.storyboard */; };
		9085CAA35B024E76BCF482A0 /* Pretendard-Thin.otf in Resources */ = {isa = PBXBuildFile; fileRef = 88B3B96D986C4663893824F7 /* Pretendard-Thin.otf */; };
		B1212C7A976942DCBE1FA6A3 /* Pretendard-Bold.otf in Resources */ = {isa = PBXBuildFile; fileRef = CE530029F2F04054B9B81F9A /* Pretendard-Bold.otf */; };
		B48CF882846A429AB798F6E7 /* BootSplash.storyboard in Resources */ = {isa = PBXBuildFile; fileRef = BA01B347D5194E4FBB170AC2 /* BootSplash.storyboard */; };
		C43FD785CFE34445B240CEB1 /* Pretendard-Regular.otf in Resources */ = {isa = PBXBuildFile; fileRef = 29A48C873C5344E395AF89BC /* Pretendard-Regular.otf */; };
		FF4A1523AA70416AA671B4FB /* Pretendard-Light.otf in Resources */ = {isa = PBXBuildFile; fileRef = 28D808D49BE040D9895EFF05 /* Pretendard-Light.otf */; };
/* End PBXBuildFile section */

/* Begin PBXContainerItemProxy section */
		00E356F41AD99517003FC87E /* PBXContainerItemProxy */ = {
			isa = PBXContainerItemProxy;
			containerPortal = 83CBB9F71A601CBA00E9B192 /* Project object */;
			proxyType = 1;
			remoteGlobalIDString = 13B07F861A680F5B00A75B9A;
			remoteInfo = Renzzle_FE;
		};
/* End PBXContainerItemProxy section */

/* Begin PBXFileReference section */
		00E356EE1AD99517003FC87E /* Renzzle_FETests.xctest */ = {isa = PBXFileReference; explicitFileType = wrapper.cfbundle; includeInIndex = 0; path = Renzzle_FETests.xctest; sourceTree = BUILT_PRODUCTS_DIR; };
		00E356F11AD99517003FC87E /* Info.plist */ = {isa = PBXFileReference; lastKnownFileType = text.plist.xml; path = Info.plist; sourceTree = "<group>"; };
		00E356F21AD99517003FC87E /* Renzzle_FETests.m */ = {isa = PBXFileReference; lastKnownFileType = sourcecode.c.objc; path = Renzzle_FETests.m; sourceTree = "<group>"; };
		13B07F961A680F5B00A75B9A /* Renzzle_FE.app */ = {isa = PBXFileReference; explicitFileType = wrapper.application; includeInIndex = 0; path = Renzzle_FE.app; sourceTree = BUILT_PRODUCTS_DIR; };
		13B07FAF1A68108700A75B9A /* AppDelegate.h */ = {isa = PBXFileReference; fileEncoding = 4; lastKnownFileType = sourcecode.c.h; name = AppDelegate.h; path = Renzzle_FE/AppDelegate.h; sourceTree = "<group>"; };
		13B07FB01A68108700A75B9A /* AppDelegate.mm */ = {isa = PBXFileReference; fileEncoding = 4; lastKnownFileType = sourcecode.cpp.objcpp; name = AppDelegate.mm; path = Renzzle_FE/AppDelegate.mm; sourceTree = "<group>"; };
		13B07FB51A68108700A75B9A /* Images.xcassets */ = {isa = PBXFileReference; lastKnownFileType = folder.assetcatalog; name = Images.xcassets; path = Renzzle_FE/Images.xcassets; sourceTree = "<group>"; };
		13B07FB61A68108700A75B9A /* Info.plist */ = {isa = PBXFileReference; fileEncoding = 4; lastKnownFileType = text.plist.xml; name = Info.plist; path = Renzzle_FE/Info.plist; sourceTree = "<group>"; };
		13B07FB71A68108700A75B9A /* main.m */ = {isa = PBXFileReference; fileEncoding = 4; lastKnownFileType = sourcecode.c.objc; name = main.m; path = Renzzle_FE/main.m; sourceTree = "<group>"; };
		13B07FB81A68108700A75B9A /* PrivacyInfo.xcprivacy */ = {isa = PBXFileReference; fileEncoding = 4; lastKnownFileType = text.plist.xml; name = PrivacyInfo.xcprivacy; path = Renzzle_FE/PrivacyInfo.xcprivacy; sourceTree = "<group>"; };
		19F6CBCC0A4E27FBF8BF4A61 /* libPods-Renzzle_FE-Renzzle_FETests.a */ = {isa = PBXFileReference; explicitFileType = archive.ar; includeInIndex = 0; path = "libPods-Renzzle_FE-Renzzle_FETests.a"; sourceTree = BUILT_PRODUCTS_DIR; };
		28D808D49BE040D9895EFF05 /* Pretendard-Light.otf */ = {isa = PBXFileReference; explicitFileType = undefined; fileEncoding = 9; includeInIndex = 0; lastKnownFileType = unknown; name = "Pretendard-Light.otf"; path = "../src/assets/fonts/Pretendard-Light.otf"; sourceTree = "<group>"; };
		29A48C873C5344E395AF89BC /* Pretendard-Regular.otf */ = {isa = PBXFileReference; explicitFileType = undefined; fileEncoding = 9; includeInIndex = 0; lastKnownFileType = unknown; name = "Pretendard-Regular.otf"; path = "../src/assets/fonts/Pretendard-Regular.otf"; sourceTree = "<group>"; };
		2DB4E04F1FEC4218831A980F /* Colors.xcassets */ = {isa = PBXFileReference; explicitFileType = undefined; fileEncoding = undefined; includeInIndex = 0; lastKnownFileType = folder.assetcatalog; name = Colors.xcassets; path = Renzzle_FE/Colors.xcassets; sourceTree = "<group>"; };
		2F4C0F0A452F44359F23BEE1 /* NanumSquareNeoOTF-Lt.otf */ = {isa = PBXFileReference; explicitFileType = undefined; fileEncoding = 9; includeInIndex = 0; lastKnownFileType = unknown; name = "NanumSquareNeoOTF-Lt.otf"; path = "../src/assets/fonts/NanumSquareNeoOTF-Lt.otf"; sourceTree = "<group>"; };
		3B4392A12AC88292D35C810B /* Pods-Renzzle_FE.debug.xcconfig */ = {isa = PBXFileReference; includeInIndex = 1; lastKnownFileType = text.xcconfig; name = "Pods-Renzzle_FE.debug.xcconfig"; path = "Target Support Files/Pods-Renzzle_FE/Pods-Renzzle_FE.debug.xcconfig"; sourceTree = "<group>"; };
		4EA43DD933DD409B87ADC870 /* ChangaOne-Regular.ttf */ = {isa = PBXFileReference; explicitFileType = undefined; fileEncoding = 9; includeInIndex = 0; lastKnownFileType = unknown; name = "ChangaOne-Regular.ttf"; path = "../src/assets/fonts/ChangaOne-Regular.ttf"; sourceTree = "<group>"; };
		5709B34CF0A7D63546082F79 /* Pods-Renzzle_FE.release.xcconfig */ = {isa = PBXFileReference; includeInIndex = 1; lastKnownFileType = text.xcconfig; name = "Pods-Renzzle_FE.release.xcconfig"; path = "Target Support Files/Pods-Renzzle_FE/Pods-Renzzle_FE.release.xcconfig"; sourceTree = "<group>"; };
		5B7EB9410499542E8C5724F5 /* Pods-Renzzle_FE-Renzzle_FETests.debug.xcconfig */ = {isa = PBXFileReference; includeInIndex = 1; lastKnownFileType = text.xcconfig; name = "Pods-Renzzle_FE-Renzzle_FETests.debug.xcconfig"; path = "Target Support Files/Pods-Renzzle_FE-Renzzle_FETests/Pods-Renzzle_FE-Renzzle_FETests.debug.xcconfig"; sourceTree = "<group>"; };
		5DCACB8F33CDC322A6C60F78 /* libPods-Renzzle_FE.a */ = {isa = PBXFileReference; explicitFileType = archive.ar; includeInIndex = 0; path = "libPods-Renzzle_FE.a"; sourceTree = BUILT_PRODUCTS_DIR; };
		62757638245E4E56B4E93AA8 /* NanumSquareNeoOTF-Hv.otf */ = {isa = PBXFileReference; explicitFileType = undefined; fileEncoding = 9; includeInIndex = 0; lastKnownFileType = unknown; name = "NanumSquareNeoOTF-Hv.otf"; path = "../src/assets/fonts/NanumSquareNeoOTF-Hv.otf"; sourceTree = "<group>"; };
		6B1C038D5546405C80BCB651 /* Pretendard-ExtraBold.otf */ = {isa = PBXFileReference; explicitFileType = undefined; fileEncoding = 9; includeInIndex = 0; lastKnownFileType = unknown; name = "Pretendard-ExtraBold.otf"; path = "../src/assets/fonts/Pretendard-ExtraBold.otf"; sourceTree = "<group>"; };
		6F007ADC2FC56E8E00384F15 /* fixed_move_list.h */ = {isa = PBXFileReference; lastKnownFileType = sourcecode.c.h; path = fixed_move_list.h; sourceTree = "<group>"; };
		6F007ADD2FC56EB000384F15 /* move_bucket.h */ = {isa = PBXFileReference; lastKnownFileType = sourcecode.c.h; path = move_bucket.h; sourceTree = "<group>"; };
		6F007AE32FC5700D00384F15 /* core.h */ = {isa = PBXFileReference; lastKnownFileType = sourcecode.c.h; path = core.h; sourceTree = "<group>"; };
		6F007AE42FC5701D00384F15 /* history.h */ = {isa = PBXFileReference; lastKnownFileType = sourcecode.c.h; path = history.h; sourceTree = "<group>"; };
		6F007AE52FC5702500384F15 /* lifecycle.h */ = {isa = PBXFileReference; lastKnownFileType = sourcecode.c.h; path = lifecycle.h; sourceTree = "<group>"; };
		6F007AE62FC5702E00384F15 /* qvcf.h */ = {isa = PBXFileReference; lastKnownFileType = sourcecode.c.h; path = qvcf.h; sourceTree = "<group>"; };
		6F007AE72FC5703700384F15 /* runtime.h */ = {isa = PBXFileReference; lastKnownFileType = sourcecode.c.h; path = runtime.h; sourceTree = "<group>"; };
		6F007AE82FC5703D00384F15 /* tt.h */ = {isa = PBXFileReference; lastKnownFileType = sourcecode.c.h; path = tt.h; sourceTree = "<group>"; };
		6F007AE92FC5708C00384F15 /* transposition_table.h */ = {isa = PBXFileReference; lastKnownFileType = sourcecode.c.h; path = transposition_table.h; sourceTree = "<group>"; };
		6F007AEA2FC5709B00384F15 /* vcf_candidate_finder.h */ = {isa = PBXFileReference; lastKnownFileType = sourcecode.c.h; path = vcf_candidate_finder.h; sourceTree = "<group>"; };
		6FDD2D212CB90E2F005BD15A /* AntDesign.ttf */ = {isa = PBXFileReference; lastKnownFileType = file; path = AntDesign.ttf; sourceTree = "<group>"; };
		6FDD2D222CB90E2F005BD15A /* Entypo.ttf */ = {isa = PBXFileReference; lastKnownFileType = file; path = Entypo.ttf; sourceTree = "<group>"; };
		6FDD2D232CB90E2F005BD15A /* EvilIcons.ttf */ = {isa = PBXFileReference; lastKnownFileType = file; path = EvilIcons.ttf; sourceTree = "<group>"; };
		6FDD2D242CB90E2F005BD15A /* Feather.ttf */ = {isa = PBXFileReference; lastKnownFileType = file; path = Feather.ttf; sourceTree = "<group>"; };
		6FDD2D252CB90E2F005BD15A /* FontAwesome.ttf */ = {isa = PBXFileReference; lastKnownFileType = file; path = FontAwesome.ttf; sourceTree = "<group>"; };
		6FDD2D262CB90E2F005BD15A /* FontAwesome5_Brands.ttf */ = {isa = PBXFileReference; lastKnownFileType = file; path = FontAwesome5_Brands.ttf; sourceTree = "<group>"; };
		6FDD2D272CB90E2F005BD15A /* FontAwesome5_Regular.ttf */ = {isa = PBXFileReference; lastKnownFileType = file; path = FontAwesome5_Regular.ttf; sourceTree = "<group>"; };
		6FDD2D282CB90E2F005BD15A /* FontAwesome5_Solid.ttf */ = {isa = PBXFileReference; lastKnownFileType = file; path = FontAwesome5_Solid.ttf; sourceTree = "<group>"; };
		6FDD2D292CB90E2F005BD15A /* FontAwesome6_Brands.ttf */ = {isa = PBXFileReference; lastKnownFileType = file; path = FontAwesome6_Brands.ttf; sourceTree = "<group>"; };
		6FDD2D2A2CB90E2F005BD15A /* FontAwesome6_Regular.ttf */ = {isa = PBXFileReference; lastKnownFileType = file; path = FontAwesome6_Regular.ttf; sourceTree = "<group>"; };
		6FDD2D2B2CB90E2F005BD15A /* FontAwesome6_Solid.ttf */ = {isa = PBXFileReference; lastKnownFileType = file; path = FontAwesome6_Solid.ttf; sourceTree = "<group>"; };
		6FDD2D2C2CB90E2F005BD15A /* Fontisto.ttf */ = {isa = PBXFileReference; lastKnownFileType = file; path = Fontisto.ttf; sourceTree = "<group>"; };
		6FDD2D2D2CB90E2F005BD15A /* Foundation.ttf */ = {isa = PBXFileReference; lastKnownFileType = file; path = Foundation.ttf; sourceTree = "<group>"; };
		6FDD2D2E2CB90E2F005BD15A /* Ionicons.ttf */ = {isa = PBXFileReference; lastKnownFileType = file; path = Ionicons.ttf; sourceTree = "<group>"; };
		6FDD2D2F2CB90E2F005BD15A /* MaterialCommunityIcons.ttf */ = {isa = PBXFileReference; lastKnownFileType = file; path = MaterialCommunityIcons.ttf; sourceTree = "<group>"; };
		6FDD2D302CB90E2F005BD15A /* MaterialIcons.ttf */ = {isa = PBXFileReference; lastKnownFileType = file; path = MaterialIcons.ttf; sourceTree = "<group>"; };
		6FDD2D312CB90E2F005BD15A /* Octicons.ttf */ = {isa = PBXFileReference; lastKnownFileType = file; path = Octicons.ttf; sourceTree = "<group>"; };
		6FDD2D322CB90E2F005BD15A /* SimpleLineIcons.ttf */ = {isa = PBXFileReference; lastKnownFileType = file; path = SimpleLineIcons.ttf; sourceTree = "<group>"; };
		6FDD2D332CB90E2F005BD15A /* Zocial.ttf */ = {isa = PBXFileReference; lastKnownFileType = file; path = Zocial.ttf; sourceTree = "<group>"; };
		6FE388702FA0B19800896508 /* engine.h */ = {isa = PBXFileReference; lastKnownFileType = sourcecode.c.h; path = engine.h; sourceTree = "<group>"; };
		6FE388722FA0B19800896508 /* evaluator.h */ = {isa = PBXFileReference; lastKnownFileType = sourcecode.c.h; path = evaluator.h; sourceTree = "<group>"; };
		6FE388732FA0B19800896508 /* value.h */ = {isa = PBXFileReference; lastKnownFileType = sourcecode.c.h; path = value.h; sourceTree = "<group>"; };
		6FE388752FA0B19800896508 /* board.h */ = {isa = PBXFileReference; lastKnownFileType = sourcecode.c.h; path = board.h; sourceTree = "<group>"; };
		6FE388762FA0B19800896508 /* cell.h */ = {isa = PBXFileReference; lastKnownFileType = sourcecode.c.h; path = cell.h; sourceTree = "<group>"; };
		6FE388772FA0B19800896508 /* line.h */ = {isa = PBXFileReference; lastKnownFileType = sourcecode.c.h; path = line.h; sourceTree = "<group>"; };
		6FE388782FA0B19800896508 /* pos.h */ = {isa = PBXFileReference; lastKnownFileType = sourcecode.c.h; path = pos.h; sourceTree = "<group>"; };
		6FE388792FA0B19800896508 /* types.h */ = {isa = PBXFileReference; lastKnownFileType = sourcecode.c.h; path = types.h; sourceTree = "<group>"; };
		6FE3887A2FA0B19800896508 /* zobrist.h */ = {isa = PBXFileReference; lastKnownFileType = sourcecode.c.h; path = zobrist.h; sourceTree = "<group>"; };
		6FE3887E2FA0B19800896508 /* search.h */ = {isa = PBXFileReference; lastKnownFileType = sourcecode.c.h; path = search.h; sourceTree = "<group>"; };
		6FE3887F2FA0B19800896508 /* search_monitor.h */ = {isa = PBXFileReference; lastKnownFileType = sourcecode.c.h; path = search_monitor.h; sourceTree = "<group>"; };
		6FE388802FA0B19800896508 /* search_win.h */ = {isa = PBXFileReference; lastKnownFileType = sourcecode.c.h; path = search_win.h; sourceTree = "<group>"; };
		6FE388822FA0B19800896508 /* profiler.h */ = {isa = PBXFileReference; lastKnownFileType = sourcecode.c.h; path = profiler.h; sourceTree = "<group>"; };
		6FE388832FA0B19800896508 /* test.h */ = {isa = PBXFileReference; lastKnownFileType = sourcecode.c.h; path = test.h; sourceTree = "<group>"; };
		6FE388842FA0B19800896508 /* util.h */ = {isa = PBXFileReference; lastKnownFileType = sourcecode.c.h; path = util.h; sourceTree = "<group>"; };
		6FE388892FA0B19800896508 /* CMakeLists.txt */ = {isa = PBXFileReference; lastKnownFileType = text; path = CMakeLists.txt; sourceTree = "<group>"; };
		6FE3889C2FA0C51500896508 /* RenzzleModules.mm */ = {isa = PBXFileReference; lastKnownFileType = sourcecode.cpp.objcpp; path = RenzzleModules.mm; sourceTree = "<group>"; };
		7964682888524A1FA27098AA /* Pretendard-SemiBold.otf */ = {isa = PBXFileReference; explicitFileType = undefined; fileEncoding = 9; includeInIndex = 0; lastKnownFileType = unknown; name = "Pretendard-SemiBold.otf"; path = "../src/assets/fonts/Pretendard-SemiBold.otf"; sourceTree = "<group>"; };
		81AB9BB72411601600AC10FF /* LaunchScreen.storyboard */ = {isa = PBXFileReference; fileEncoding = 4; lastKnownFileType = file.storyboard; name = LaunchScreen.storyboard; path = Renzzle_FE/LaunchScreen.storyboard; sourceTree = "<group>"; };
		88B3B96D986C4663893824F7 /* Pretendard-Thin.otf */ = {isa = PBXFileReference; explicitFileType = undefined; fileEncoding = 9; includeInIndex = 0; lastKnownFileType = unknown; name = "Pretendard-Thin.otf"; path = "../src/assets/fonts/Pretendard-Thin.otf"; sourceTree = "<group>"; };
		89C6BE57DB24E9ADA2F236DE /* Pods-Renzzle_FE-Renzzle_FETests.release.xcconfig */ = {isa = PBXFileReference; includeInIndex = 1; lastKnownFileType = text.xcconfig; name = "Pods-Renzzle_FE-Renzzle_FETests.release.xcconfig"; path = "Target Support Files/Pods-Renzzle_FE-Renzzle_FETests/Pods-Renzzle_FE-Renzzle_FETests.release.xcconfig"; sourceTree = "<group>"; };
		9095129BA970934F7713F120 /* PrivacyInfo.xcprivacy */ = {isa = PBXFileReference; includeInIndex = 1; lastKnownFileType = text.xml; name = PrivacyInfo.xcprivacy; path = Renzzle_FE/PrivacyInfo.xcprivacy; sourceTree = "<group>"; };
		93A6A0D3F7F9454FBFEA3DEF /* NanumSquareNeoOTF-Eb.otf */ = {isa = PBXFileReference; explicitFileType = undefined; fileEncoding = 9; includeInIndex = 0; lastKnownFileType = unknown; name = "NanumSquareNeoOTF-Eb.otf"; path = "../src/assets/fonts/NanumSquareNeoOTF-Eb.otf"; sourceTree = "<group>"; };
		9DD44397068D492B8B279E26 /* NanumSquareNeoOTF-Bd.otf */ = {isa = PBXFileReference; explicitFileType = undefined; fileEncoding = 9; includeInIndex = 0; lastKnownFileType = unknown; name = "NanumSquareNeoOTF-Bd.otf"; path = "../src/assets/fonts/NanumSquareNeoOTF-Bd.otf"; sourceTree = "<group>"; };
		A012B297AA8049D4AEBAF65B /* Pretendard-ExtraLight.otf */ = {isa = PBXFileReference; explicitFileType = undefined; fileEncoding = 9; includeInIndex = 0; lastKnownFileType = unknown; name = "Pretendard-ExtraLight.otf"; path = "../src/assets/fonts/Pretendard-ExtraLight.otf"; sourceTree = "<group>"; };
		BA01B347D5194E4FBB170AC2 /* BootSplash.storyboard */ = {isa = PBXFileReference; explicitFileType = undefined; fileEncoding = undefined; includeInIndex = 0; lastKnownFileType = unknown; name = BootSplash.storyboard; path = Renzzle_FE/BootSplash.storyboard; sourceTree = "<group>"; };
		CE530029F2F04054B9B81F9A /* Pretendard-Bold.otf */ = {isa = PBXFileReference; explicitFileType = undefined; fileEncoding = 9; includeInIndex = 0; lastKnownFileType = unknown; name = "Pretendard-Bold.otf"; path = "../src/assets/fonts/Pretendard-Bold.otf"; sourceTree = "<group>"; };
		CF811C82C76342228AE69237 /* NanumSquareNeoOTF-Rg.otf */ = {isa = PBXFileReference; explicitFileType = undefined; fileEncoding = 9; includeInIndex = 0; lastKnownFileType = unknown; name = "NanumSquareNeoOTF-Rg.otf"; path = "../src/assets/fonts/NanumSquareNeoOTF-Rg.otf"; sourceTree = "<group>"; };
		ED297162215061F000B7C4FE /* JavaScriptCore.framework */ = {isa = PBXFileReference; lastKnownFileType = wrapper.framework; name = JavaScriptCore.framework; path = System/Library/Frameworks/JavaScriptCore.framework; sourceTree = SDKROOT; };
		F3F0BF32ED294F3A94D1317C /* Pretendard-Black.otf */ = {isa = PBXFileReference; explicitFileType = undefined; fileEncoding = 9; includeInIndex = 0; lastKnownFileType = unknown; name = "Pretendard-Black.otf"; path = "../src/assets/fonts/Pretendard-Black.otf"; sourceTree = "<group>"; };
		FDE99AAE8D6C4A559F29954E /* Pretendard-Medium.otf */ = {isa = PBXFileReference; explicitFileType = undefined; fileEncoding = 9; includeInIndex = 0; lastKnownFileType = unknown; name = "Pretendard-Medium.otf"; path = "../src/assets/fonts/Pretendard-Medium.otf"; sourceTree = "<group>"; };
/* End PBXFileReference section */

/* Begin PBXFrameworksBuildPhase section */
		00E356EB1AD99517003FC87E /* Frameworks */ = {
			isa = PBXFrameworksBuildPhase;
			buildActionMask = 2147483647;
			files = (
				7699B88040F8A987B510C191 /* libPods-Renzzle_FE-Renzzle_FETests.a in Frameworks */,
			);
			runOnlyForDeploymentPostprocessing = 0;
		};
		13B07F8C1A680F5B00A75B9A /* Frameworks */ = {
			isa = PBXFrameworksBuildPhase;
			buildActionMask = 2147483647;
			files = (
				0C80B921A6F3F58F76C31292 /* libPods-Renzzle_FE.a in Frameworks */,
			);
			runOnlyForDeploymentPostprocessing = 0;
		};
/* End PBXFrameworksBuildPhase section */

/* Begin PBXGroup section */
		00E356EF1AD99517003FC87E /* Renzzle_FETests */ = {
			isa = PBXGroup;
			children = (
				00E356F21AD99517003FC87E /* Renzzle_FETests.m */,
				00E356F01AD99517003FC87E /* Supporting Files */,
			);
			path = Renzzle_FETests;
			sourceTree = "<group>";
		};
		00E356F01AD99517003FC87E /* Supporting Files */ = {
			isa = PBXGroup;
			children = (
				00E356F11AD99517003FC87E /* Info.plist */,
			);
			name = "Supporting Files";
			sourceTree = "<group>";
		};
		13B07FAE1A68108700A75B9A /* Renzzle_FE */ = {
			isa = PBXGroup;
			children = (
				6FE3889C2FA0C51500896508 /* RenzzleModules.mm */,
				13B07FAF1A68108700A75B9A /* AppDelegate.h */,
				13B07FB01A68108700A75B9A /* AppDelegate.mm */,
				13B07FB51A68108700A75B9A /* Images.xcassets */,
				13B07FB61A68108700A75B9A /* Info.plist */,
				81AB9BB72411601600AC10FF /* LaunchScreen.storyboard */,
				13B07FB71A68108700A75B9A /* main.m */,
				13B07FB81A68108700A75B9A /* PrivacyInfo.xcprivacy */,
				9095129BA970934F7713F120 /* PrivacyInfo.xcprivacy */,
				6FE3888A2FA0B19800896508 /* cpp */,
				BA01B347D5194E4FBB170AC2 /* BootSplash.storyboard */,
				2DB4E04F1FEC4218831A980F /* Colors.xcassets */,
			);
			name = Renzzle_FE;
			sourceTree = "<group>";
		};
		2D16E6871FA4F8E400B85C8A /* Frameworks */ = {
			isa = PBXGroup;
			children = (
				ED297162215061F000B7C4FE /* JavaScriptCore.framework */,
				5DCACB8F33CDC322A6C60F78 /* libPods-Renzzle_FE.a */,
				19F6CBCC0A4E27FBF8BF4A61 /* libPods-Renzzle_FE-Renzzle_FETests.a */,
			);
			name = Frameworks;
			sourceTree = "<group>";
		};
		4ABD9A102C514956936DF085 /* Resources */ = {
			isa = PBXGroup;
			children = (
				F3F0BF32ED294F3A94D1317C /* Pretendard-Black.otf */,
				CE530029F2F04054B9B81F9A /* Pretendard-Bold.otf */,
				6B1C038D5546405C80BCB651 /* Pretendard-ExtraBold.otf */,
				A012B297AA8049D4AEBAF65B /* Pretendard-ExtraLight.otf */,
				28D808D49BE040D9895EFF05 /* Pretendard-Light.otf */,
				FDE99AAE8D6C4A559F29954E /* Pretendard-Medium.otf */,
				29A48C873C5344E395AF89BC /* Pretendard-Regular.otf */,
				7964682888524A1FA27098AA /* Pretendard-SemiBold.otf */,
				88B3B96D986C4663893824F7 /* Pretendard-Thin.otf */,
				4EA43DD933DD409B87ADC870 /* ChangaOne-Regular.ttf */,
				9DD44397068D492B8B279E26 /* NanumSquareNeoOTF-Bd.otf */,
				93A6A0D3F7F9454FBFEA3DEF /* NanumSquareNeoOTF-Eb.otf */,
				62757638245E4E56B4E93AA8 /* NanumSquareNeoOTF-Hv.otf */,
				2F4C0F0A452F44359F23BEE1 /* NanumSquareNeoOTF-Lt.otf */,
				CF811C82C76342228AE69237 /* NanumSquareNeoOTF-Rg.otf */,
			);
			name = Resources;
			sourceTree = "<group>";
		};
		6F007AE22FC5700900384F15 /* detail */ = {
			isa = PBXGroup;
			children = (
				6F007AE82FC5703D00384F15 /* tt.h */,
				6F007AE72FC5703700384F15 /* runtime.h */,
				6F007AE62FC5702E00384F15 /* qvcf.h */,
				6F007AE52FC5702500384F15 /* lifecycle.h */,
				6F007AE42FC5701D00384F15 /* history.h */,
				6F007AE32FC5700D00384F15 /* core.h */,
			);
			path = detail;
			sourceTree = "<group>";
		};
		6FDD2D202CB90E08005BD15A /* Fonts */ = {
			isa = PBXGroup;
			children = (
				6FDD2D212CB90E2F005BD15A /* AntDesign.ttf */,
				6FDD2D222CB90E2F005BD15A /* Entypo.ttf */,
				6FDD2D232CB90E2F005BD15A /* EvilIcons.ttf */,
				6FDD2D242CB90E2F005BD15A /* Feather.ttf */,
				6FDD2D252CB90E2F005BD15A /* FontAwesome.ttf */,
				6FDD2D262CB90E2F005BD15A /* FontAwesome5_Brands.ttf */,
				6FDD2D272CB90E2F005BD15A /* FontAwesome5_Regular.ttf */,
				6FDD2D282CB90E2F005BD15A /* FontAwesome5_Solid.ttf */,
				6FDD2D292CB90E2F005BD15A /* FontAwesome6_Brands.ttf */,
				6FDD2D2A2CB90E2F005BD15A /* FontAwesome6_Regular.ttf */,
				6FDD2D2B2CB90E2F005BD15A /* FontAwesome6_Solid.ttf */,
				6FDD2D2C2CB90E2F005BD15A /* Fontisto.ttf */,
				6FDD2D2D2CB90E2F005BD15A /* Foundation.ttf */,
				6FDD2D2E2CB90E2F005BD15A /* Ionicons.ttf */,
				6FDD2D2F2CB90E2F005BD15A /* MaterialCommunityIcons.ttf */,
				6FDD2D302CB90E2F005BD15A /* MaterialIcons.ttf */,
				6FDD2D312CB90E2F005BD15A /* Octicons.ttf */,
				6FDD2D322CB90E2F005BD15A /* SimpleLineIcons.ttf */,
				6FDD2D332CB90E2F005BD15A /* Zocial.ttf */,
			);
			path = Fonts;
			sourceTree = "<group>";
		};
		6FE388712FA0B19800896508 /* engine */ = {
			isa = PBXGroup;
			children = (
				6FE388702FA0B19800896508 /* engine.h */,
			);
			path = engine;
			sourceTree = "<group>";
		};
		6FE388742FA0B19800896508 /* evaluate */ = {
			isa = PBXGroup;
			children = (
				6FE388722FA0B19800896508 /* evaluator.h */,
				6FE388732FA0B19800896508 /* value.h */,
			);
			path = evaluate;
			sourceTree = "<group>";
		};
		6FE3887B2FA0B19800896508 /* game */ = {
			isa = PBXGroup;
			children = (
				6F007ADD2FC56EB000384F15 /* move_bucket.h */,
				6F007ADC2FC56E8E00384F15 /* fixed_move_list.h */,
				6FE388752FA0B19800896508 /* board.h */,
				6FE388762FA0B19800896508 /* cell.h */,
				6FE388772FA0B19800896508 /* line.h */,
				6FE388782FA0B19800896508 /* pos.h */,
				6FE388792FA0B19800896508 /* types.h */,
				6FE3887A2FA0B19800896508 /* zobrist.h */,
			);
			path = game;
			sourceTree = "<group>";
		};
		6FE388812FA0B19800896508 /* search */ = {
			isa = PBXGroup;
			children = (
				6F007AEA2FC5709B00384F15 /* vcf_candidate_finder.h */,
				6F007AE92FC5708C00384F15 /* transposition_table.h */,
				6F007AE22FC5700900384F15 /* detail */,
				6FE3887E2FA0B19800896508 /* search.h */,
				6FE3887F2FA0B19800896508 /* search_monitor.h */,
				6FE388802FA0B19800896508 /* search_win.h */,
			);
			path = search;
			sourceTree = "<group>";
		};
		6FE388852FA0B19800896508 /* test */ = {
			isa = PBXGroup;
			children = (
				6FE388822FA0B19800896508 /* profiler.h */,
				6FE388832FA0B19800896508 /* test.h */,
				6FE388842FA0B19800896508 /* util.h */,
			);
			path = test;
			sourceTree = "<group>";
		};
		6FE3888A2FA0B19800896508 /* cpp */ = {
			isa = PBXGroup;
			children = (
				6FE388712FA0B19800896508 /* engine */,
				6FE388742FA0B19800896508 /* evaluate */,
				6FE3887B2FA0B19800896508 /* game */,
				6FE388812FA0B19800896508 /* search */,
				6FE388852FA0B19800896508 /* test */,
				6FE388892FA0B19800896508 /* CMakeLists.txt */,
			);
			path = cpp;
			sourceTree = "<group>";
		};
		832341AE1AAA6A7D00B99B32 /* Libraries */ = {
			isa = PBXGroup;
			children = (
			);
			name = Libraries;
			sourceTree = "<group>";
		};
		83CBB9F61A601CBA00E9B192 = {
			isa = PBXGroup;
			children = (
				6FDD2D202CB90E08005BD15A /* Fonts */,
				13B07FAE1A68108700A75B9A /* Renzzle_FE */,
				832341AE1AAA6A7D00B99B32 /* Libraries */,
				00E356EF1AD99517003FC87E /* Renzzle_FETests */,
				83CBBA001A601CBA00E9B192 /* Products */,
				2D16E6871FA4F8E400B85C8A /* Frameworks */,
				BBD78D7AC51CEA395F1C20DB /* Pods */,
				4ABD9A102C514956936DF085 /* Resources */,
			);
			indentWidth = 2;
			sourceTree = "<group>";
			tabWidth = 2;
			usesTabs = 0;
		};
		83CBBA001A601CBA00E9B192 /* Products */ = {
			isa = PBXGroup;
			children = (
				13B07F961A680F5B00A75B9A /* Renzzle_FE.app */,
				00E356EE1AD99517003FC87E /* Renzzle_FETests.xctest */,
			);
			name = Products;
			sourceTree = "<group>";
		};
		BBD78D7AC51CEA395F1C20DB /* Pods */ = {
			isa = PBXGroup;
			children = (
				3B4392A12AC88292D35C810B /* Pods-Renzzle_FE.debug.xcconfig */,
				5709B34CF0A7D63546082F79 /* Pods-Renzzle_FE.release.xcconfig */,
				5B7EB9410499542E8C5724F5 /* Pods-Renzzle_FE-Renzzle_FETests.debug.xcconfig */,
				89C6BE57DB24E9ADA2F236DE /* Pods-Renzzle_FE-Renzzle_FETests.release.xcconfig */,
			);
			path = Pods;
			sourceTree = "<group>";
		};
/* End PBXGroup section */

/* Begin PBXNativeTarget section */
		00E356ED1AD99517003FC87E /* Renzzle_FETests */ = {
			isa = PBXNativeTarget;
			buildConfigurationList = 00E357021AD99517003FC87E /* Build configuration list for PBXNativeTarget "Renzzle_FETests" */;
			buildPhases = (
				A55EABD7B0C7F3A422A6CC61 /* [CP] Check Pods Manifest.lock */,
				00E356EA1AD99517003FC87E /* Sources */,
				00E356EB1AD99517003FC87E /* Frameworks */,
				00E356EC1AD99517003FC87E /* Resources */,
				F6A41C54EA430FDDC6A6ED99 /* [CP] Copy Pods Resources */,
				5AD3D21F9B8B63A916F045DA /* [CP] Embed Pods Frameworks */,
			);
			buildRules = (
			);
			dependencies = (
				00E356F51AD99517003FC87E /* PBXTargetDependency */,
			);
			name = Renzzle_FETests;
			productName = Renzzle_FETests;
			productReference = 00E356EE1AD99517003FC87E /* Renzzle_FETests.xctest */;
			productType = "com.apple.product-type.bundle.unit-test";
		};
		13B07F861A680F5B00A75B9A /* Renzzle_FE */ = {
			isa = PBXNativeTarget;
			buildConfigurationList = 13B07F931A680F5B00A75B9A /* Build configuration list for PBXNativeTarget "Renzzle_FE" */;
			buildPhases = (
				C38B50BA6285516D6DCD4F65 /* [CP] Check Pods Manifest.lock */,
				13B07F871A680F5B00A75B9A /* Sources */,
				13B07F8C1A680F5B00A75B9A /* Frameworks */,
				13B07F8E1A680F5B00A75B9A /* Resources */,
				00DD1BFF1BD5951E006B06BC /* Bundle React Native code and images */,
				E235C05ADACE081382539298 /* [CP] Copy Pods Resources */,
				127BE3C232512420BB313F2D /* [CP-User] [RNGoogleMobileAds] Configuration */,
				6FDA82513020B970002F03F6 /* ShellScript */,
				B37C01149E5873B7A35A2A7D /* [CP] Embed Pods Frameworks */,
			);
			buildRules = (
			);
			dependencies = (
			);
			name = Renzzle_FE;
			productName = Renzzle_FE;
			productReference = 13B07F961A680F5B00A75B9A /* Renzzle_FE.app */;
			productType = "com.apple.product-type.application";
		};
/* End PBXNativeTarget section */

/* Begin PBXProject section */
		83CBB9F71A601CBA00E9B192 /* Project object */ = {
			isa = PBXProject;
			attributes = {
				LastUpgradeCheck = 1210;
				TargetAttributes = {
					00E356ED1AD99517003FC87E = {
						CreatedOnToolsVersion = 6.2;
						TestTargetID = 13B07F861A680F5B00A75B9A;
					};
					13B07F861A680F5B00A75B9A = {
						LastSwiftMigration = 1120;
					};
				};
			};
			buildConfigurationList = 83CBB9FA1A601CBA00E9B192 /* Build configuration list for PBXProject "Renzzle_FE" */;
			compatibilityVersion = "Xcode 12.0";
			developmentRegion = en;
			hasScannedForEncodings = 0;
			knownRegions = (
				en,
				Base,
			);
			mainGroup = 83CBB9F61A601CBA00E9B192;
			productRefGroup = 83CBBA001A601CBA00E9B192 /* Products */;
			projectDirPath = "";
			projectRoot = "";
			targets = (
				13B07F861A680F5B00A75B9A /* Renzzle_FE */,
				00E356ED1AD99517003FC87E /* Renzzle_FETests */,
			);
		};
/* End PBXProject section */

/* Begin PBXResourcesBuildPhase section */
		00E356EC1AD99517003FC87E /* Resources */ = {
			isa = PBXResourcesBuildPhase;
			buildActionMask = 2147483647;
			files = (
			);
			runOnlyForDeploymentPostprocessing = 0;
		};
		13B07F8E1A680F5B00A75B9A /* Resources */ = {
			isa = PBXResourcesBuildPhase;
			buildActionMask = 2147483647;
			files = (
				81AB9BB82411601600AC10FF /* LaunchScreen.storyboard in Resources */,
				13B07FBF1A68108700A75B9A /* Images.xcassets in Resources */,
				4B9E2DC0ECB391AC61810A65 /* PrivacyInfo.xcprivacy in Resources */,
				497B0EAC736D414287312E30 /* Pretendard-Black.otf in Resources */,
				B1212C7A976942DCBE1FA6A3 /* Pretendard-Bold.otf in Resources */,
				00ACE6DCB8C549D394EF583C /* Pretendard-ExtraBold.otf in Resources */,
				0EEFF8ADF8404EADB495B822 /* Pretendard-ExtraLight.otf in Resources */,
				FF4A1523AA70416AA671B4FB /* Pretendard-Light.otf in Resources */,
				0D019E02D39C4083ADE31C08 /* Pretendard-Medium.otf in Resources */,
				C43FD785CFE34445B240CEB1 /* Pretendard-Regular.otf in Resources */,
				0ED8DA9F1E0042CFA57FD1CD /* Pretendard-SemiBold.otf in Resources */,
				9085CAA35B024E76BCF482A0 /* Pretendard-Thin.otf in Resources */,
				6FE3888C2FA0B19800896508 /* CMakeLists.txt in Resources */,
				66B4D082EE5147C3B0A0A270 /* ChangaOne-Regular.ttf in Resources */,
				1A61B76662E04871A09D57E3 /* NanumSquareNeoOTF-Bd.otf in Resources */,
				39E08EABC86149AC82E64B10 /* NanumSquareNeoOTF-Eb.otf in Resources */,
				2B5EF99D6E524BE086121C1F /* NanumSquareNeoOTF-Hv.otf in Resources */,
				414B48C111A74436B23D112F /* NanumSquareNeoOTF-Lt.otf in Resources */,
				167935D67F814335B547FCF4 /* NanumSquareNeoOTF-Rg.otf in Resources */,
				B48CF882846A429AB798F6E7 /* BootSplash.storyboard in Resources */,
				3CD0899E627E495186C92C9E /* Colors.xcassets in Resources */,
			);
			runOnlyForDeploymentPostprocessing = 0;
		};
/* End PBXResourcesBuildPhase section */

/* Begin PBXShellScriptBuildPhase section */
		00DD1BFF1BD5951E006B06BC /* Bundle React Native code and images */ = {
			isa = PBXShellScriptBuildPhase;
			buildActionMask = 2147483647;
			files = (
			);
			inputPaths = (
				"$(SRCROOT)/.xcode.env.local",
				"$(SRCROOT)/.xcode.env",
			);
			name = "Bundle React Native code and images";
			outputPaths = (
			);
			runOnlyForDeploymentPostprocessing = 0;
			shellPath = /bin/sh;
			shellScript = "set -e\n\nWITH_ENVIRONMENT=\"$REACT_NATIVE_PATH/scripts/xcode/with-environment.sh\"\nREACT_NATIVE_XCODE=\"$REACT_NATIVE_PATH/scripts/react-native-xcode.sh\"\n\n/bin/sh -c \"$WITH_ENVIRONMENT $REACT_NATIVE_XCODE\"\n";
		};
		127BE3C232512420BB313F2D /* [CP-User] [RNGoogleMobileAds] Configuration */ = {
			isa = PBXShellScriptBuildPhase;
			buildActionMask = 2147483647;
			files = (
			);
			inputPaths = (
				"$(BUILT_PRODUCTS_DIR)/$(INFOPLIST_PATH)",
			);
			name = "[CP-User] [RNGoogleMobileAds] Configuration";
			runOnlyForDeploymentPostprocessing = 0;
			shellPath = /bin/sh;
			shellScript = "#!/usr/bin/env bash\n#\n# Copyright (c) 2016-present Invertase Limited & Contributors\n#\n# Licensed under the Apache License, Version 2.0 (the \"License\");\n# you may not use this library except in compliance with the License.\n# You may obtain a copy of the License at\n#\n#   http://www.apache.org/licenses/LICENSE-2.0\n#\n# Unless required by applicable law or agreed to in writing, software\n# distributed under the License is distributed on an \"AS IS\" BASIS,\n# WITHOUT WARRANTIES OR CONDITIONS OF ANY KIND, either express or implied.\n# See the License for the specific language governing permissions and\n# limitations under the License.\n#\n\n##########################################################################\n##########################################################################\n#\n#  NOTE THAT IF YOU CHANGE THIS FILE YOU MUST RUN pod install AFTERWARDS\n#\n#  This file is installed as an Xcode build script in the project file\n#  by cocoapods, and you will not see your changes until you pod install\n#\n##########################################################################\n##########################################################################\n\nset -e\n\n_MAX_LOOKUPS=2;\n_SEARCH_RESULT=''\n_RN_ROOT_EXISTS=''\n_CURRENT_LOOKUPS=1\n_PROJECT_ABBREVIATION=\"RNGoogleMobileAds\"\n_JSON_ROOT=\"'react-native-google-mobile-ads'\"\n_JSON_FILE_NAME='app.json'\n_JSON_OUTPUT_BASE64='e30=' # { }\n_CURRENT_SEARCH_DIR=${PROJECT_DIR}\n_PLIST_BUDDY=/usr/libexec/PlistBuddy\n_TARGET_PLIST=\"${BUILT_PRODUCTS_DIR}/${INFOPLIST_PATH}\"\n_DSYM_PLIST=\"${DWARF_DSYM_FOLDER_PATH}/${DWARF_DSYM_FILE_NAME}/Contents/Info.plist\"\n_PACKAGE_JSON_NAME='package.json'\n\n# plist arrays\n_PLIST_ENTRY_KEYS=()\n_PLIST_ENTRY_TYPES=()\n_PLIST_ENTRY_VALUES=()\n\nfunction setPlistValue {\n  echo \"info:      setting plist entry '$1' of type '$2' in file '$4'\"\n  ${_PLIST_BUDDY} -c \"Add :$1 $2 '$3'\" $4 || echo \"info:      '$1' already exists\"\n}\n\nfunction getJsonKeyValue () {\n  if [[ ${_RN_ROOT_EXISTS} ]]; then\n    ruby -KU -e \"require 'rubygems';require 'json'; output=JSON.parse('$1'); puts output[$_JSON_ROOT]['$2']\"\n  else\n    echo \"\"\n  fi;\n}\n\nfunction jsonBoolToYesNo () {\n  if [[ $1 == \"false\" ]]; then\n    echo \"NO\"\n  elif [[ $1 == \"true\" ]]; then\n    echo \"YES\"\n  else echo \"NO\"\n  fi\n}\n\necho \"info: -> ${_PROJECT_ABBREVIATION} build script started\"\necho \"info: 1) Locating ${_JSON_FILE_NAME} file:\"\n\nif [[ -z ${_CURRENT_SEARCH_DIR} ]]; then\n  _CURRENT_SEARCH_DIR=$(pwd)\nfi;\n\nwhile true; do\n  _CURRENT_SEARCH_DIR=$(dirname \"$_CURRENT_SEARCH_DIR\")\n  if [[ \"$_CURRENT_SEARCH_DIR\" == \"/\" ]] || [[ ${_CURRENT_LOOKUPS} -gt ${_MAX_LOOKUPS} ]]; then break; fi;\n  echo \"info:      ($_CURRENT_LOOKUPS of $_MAX_LOOKUPS) Searching in '$_CURRENT_SEARCH_DIR' for a ${_JSON_FILE_NAME} file.\"\n  _SEARCH_RESULT=$(find \"$_CURRENT_SEARCH_DIR\" -maxdepth 2 -name ${_JSON_FILE_NAME} -print | /usr/bin/head -n 1)\n  if [[ ${_SEARCH_RESULT} ]]; then\n    echo \"info:      ${_JSON_FILE_NAME} found at $_SEARCH_RESULT\"\n    break;\n  fi;\n  _CURRENT_LOOKUPS=$((_CURRENT_LOOKUPS+1))\ndone\n\nif [[ ${_SEARCH_RESULT} ]]; then\n  _JSON_OUTPUT_RAW=$(cat \"${_SEARCH_RESULT}\")\n  _RN_ROOT_EXISTS=$(ruby -KU -e \"require 'rubygems';require 'json'; output=JSON.parse('$_JSON_OUTPUT_RAW'); puts output[$_JSON_ROOT]\" || echo '')\n\n  if [[ ${_RN_ROOT_EXISTS} ]]; then\n    if ! python3 --version >/dev/null 2>&1; then echo \"python3 not found, app.json file processing error.\" && exit 1; fi\n    _JSON_OUTPUT_BASE64=$(python3 -c 'import json,sys,base64;print(base64.b64encode(bytes(json.dumps(json.loads(open('\"'${_SEARCH_RESULT}'\"', '\"'rb'\"').read())['${_JSON_ROOT}']), '\"'utf-8'\"')).decode())' || echo \"e30=\")\n  fi\n\n  _PLIST_ENTRY_KEYS+=(\"google_mobile_ads_json_raw\")\n  _PLIST_ENTRY_TYPES+=(\"string\")\n  _PLIST_ENTRY_VALUES+=(\"$_JSON_OUTPUT_BASE64\")\n\n  # config.delay_app_measurement_init\n  _DELAY_APP_MEASUREMENT=$(getJsonKeyValue \"$_JSON_OUTPUT_RAW\" \"delay_app_measurement_init\")\n  if [[ $_DELAY_APP_MEASUREMENT == \"true\" ]]; then\n    _PLIST_ENTRY_KEYS+=(\"GADDelayAppMeasurementInit\")\n    _PLIST_ENTRY_TYPES+=(\"bool\")\n    _PLIST_ENTRY_VALUES+=(\"YES\")\n  fi\n\n  # config.ios_app_id\n  _IOS_APP_ID=$(getJsonKeyValue \"$_JSON_OUTPUT_RAW\" \"ios_app_id\")\n  if [[ $_IOS_APP_ID ]]; then\n    _PLIST_ENTRY_KEYS+=(\"GADApplicationIdentifier\")\n    _PLIST_ENTRY_TYPES+=(\"string\")\n    _PLIST_ENTRY_VALUES+=(\"$_IOS_APP_ID\")\n  fi\n\n  # config.sk_ad_network_items\n  _SK_AD_NETWORK_ITEMS=$(getJsonKeyValue \"$_JSON_OUTPUT_RAW\" \"sk_ad_network_items\")\n  if [[ $_SK_AD_NETWORK_ITEMS ]]; then\n    _PLIST_ENTRY_KEYS+=(\"SKAdNetworkItems\")\n    _PLIST_ENTRY_TYPES+=(\"array\")\n    _PLIST_ENTRY_VALUES+=(\"\")\n\n    oldifs=$IFS\n    IFS=\"\n\"\n    array=($(echo \"$_SK_AD_NETWORK_ITEMS\"))\n    IFS=$oldifs\n    for i in \"${!array[@]}\"; do\n      _PLIST_ENTRY_KEYS+=(\"SKAdNetworkItems:$i:SKAdNetworkIdentifier\")\n      _PLIST_ENTRY_TYPES+=(\"string\")\n      _PLIST_ENTRY_VALUES+=(\"${array[i]}\")  \n    done\n  fi\n\n    # config.user_tracking_usage_description\n  _USER_TRACKING_USAGE_DESCRIPTION=$(getJsonKeyValue \"$_JSON_OUTPUT_RAW\" \"user_tracking_usage_description\")\n  if [[ $_USER_TRACKING_USAGE_DESCRIPTION ]]; then\n    _PLIST_ENTRY_KEYS+=(\"NSUserTrackingUsageDescription\")\n    _PLIST_ENTRY_TYPES+=(\"string\")\n    _PLIST_ENTRY_VALUES+=(\"$_USER_TRACKING_USAGE_DESCRIPTION\")\n  fi\nelse\n  _PLIST_ENTRY_KEYS+=(\"google_mobile_ads_json_raw\")\n  _PLIST_ENTRY_TYPES+=(\"string\")\n  _PLIST_ENTRY_VALUES+=(\"$_JSON_OUTPUT_BASE64\")\n  echo \"warning:   A ${_JSON_FILE_NAME} file was not found, whilst this file is optional it is recommended to include it to auto-configure services.\"\nfi;\n\necho \"info: 2) Injecting Info.plist entries: \"\n\n# Log out the keys we're adding\nfor i in \"${!_PLIST_ENTRY_KEYS[@]}\"; do\n  echo \"    ->  $i) ${_PLIST_ENTRY_KEYS[$i]}\" \"${_PLIST_ENTRY_TYPES[$i]}\" \"${_PLIST_ENTRY_VALUES[$i]}\"\ndone\n\nif ! [[ -f \"${_TARGET_PLIST}\" ]]; then\n  echo \"error: unable to locate Info.plist to set properties. App will crash without GADApplicationIdentifier set.\"\n  exit 1\nfi\n\nif ! [[ $_IOS_APP_ID ]]; then\n  echo \"warning: ios_app_id key not found in react-native-google-mobile-ads key in app.json. App will crash without it.\"\n  echo \"         You can safely ignore this warning if you are using our Expo config plugin.\"\n  exit 0\nfi\n\nfor plist in \"${_TARGET_PLIST}\" \"${_DSYM_PLIST}\" ; do\n  if [[ -f \"${plist}\" ]]; then\n\n    # paths with spaces break the call to setPlistValue. temporarily modify\n    # the shell internal field separator variable (IFS), which normally\n    # includes spaces, to consist only of line breaks\n    oldifs=$IFS\n    IFS=\"\n\"\n\n    for i in \"${!_PLIST_ENTRY_KEYS[@]}\"; do\n      setPlistValue \"${_PLIST_ENTRY_KEYS[$i]}\" \"${_PLIST_ENTRY_TYPES[$i]}\" \"${_PLIST_ENTRY_VALUES[$i]}\" \"${plist}\"\n    done\n\n    # restore the original internal field separator value\n    IFS=$oldifs\n  else\n    echo \"warning:   A Info.plist build output file was not found (${plist})\"\n  fi\ndone\n\necho \"info: <- ${_PROJECT_ABBREVIATION} build script finished\"\n";
		};
		5AD3D21F9B8B63A916F045DA /* [CP] Embed Pods Frameworks */ = {
			isa = PBXShellScriptBuildPhase;
			buildActionMask = 2147483647;
			files = (
			);
			inputFileListPaths = (
				"${PODS_ROOT}/Target Support Files/Pods-Renzzle_FE-Renzzle_FETests/Pods-Renzzle_FE-Renzzle_FETests-frameworks-${CONFIGURATION}-input-files.xcfilelist",
			);
			name = "[CP] Embed Pods Frameworks";
			outputFileListPaths = (
				"${PODS_ROOT}/Target Support Files/Pods-Renzzle_FE-Renzzle_FETests/Pods-Renzzle_FE-Renzzle_FETests-frameworks-${CONFIGURATION}-output-files.xcfilelist",
			);
			runOnlyForDeploymentPostprocessing = 0;
			shellPath = /bin/sh;
			shellScript = "\"${PODS_ROOT}/Target Support Files/Pods-Renzzle_FE-Renzzle_FETests/Pods-Renzzle_FE-Renzzle_FETests-frameworks.sh\"\n";
			showEnvVarsInLog = 0;
		};
		6FDA82513020B970002F03F6 /* ShellScript */ = {
			isa = PBXShellScriptBuildPhase;
			buildActionMask = 2147483647;
			files = (
			);
			inputFileListPaths = (
			);
			inputPaths = (
			);
			outputFileListPaths = (
			);
			outputPaths = (
			);
			runOnlyForDeploymentPostprocessing = 0;
			shellPath = /bin/sh;
			shellScript = "find \"${PODS_ROOT}/hermes-engine\" -type d -name \"hermes.framework.dSYM\" | grep -v \"simulator\" | while read -r dsym_path; do\n    cp -a \"$dsym_path\" \"${DWARF_DSYM_FOLDER_PATH}/\"\ndone\n";
		};
		A55EABD7B0C7F3A422A6CC61 /* [CP] Check Pods Manifest.lock */ = {
			isa = PBXShellScriptBuildPhase;
			buildActionMask = 2147483647;
			files = (
			);
			inputFileListPaths = (
			);
			inputPaths = (
				"${PODS_PODFILE_DIR_PATH}/Podfile.lock",
				"${PODS_ROOT}/Manifest.lock",
			);
			name = "[CP] Check Pods Manifest.lock";
			outputFileListPaths = (
			);
			outputPaths = (
				"$(DERIVED_FILE_DIR)/Pods-Renzzle_FE-Renzzle_FETests-checkManifestLockResult.txt",
			);
			runOnlyForDeploymentPostprocessing = 0;
			shellPath = /bin/sh;
			shellScript = "diff \"${PODS_PODFILE_DIR_PATH}/Podfile.lock\" \"${PODS_ROOT}/Manifest.lock\" > /dev/null\nif [ $? != 0 ] ; then\n    # print error to STDERR\n    echo \"error: The sandbox is not in sync with the Podfile.lock. Run 'pod install' or update your CocoaPods installation.\" >&2\n    exit 1\nfi\n# This output is used by Xcode 'outputs' to avoid re-running this script phase.\necho \"SUCCESS\" > \"${SCRIPT_OUTPUT_FILE_0}\"\n";
			showEnvVarsInLog = 0;
		};
		B37C01149E5873B7A35A2A7D /* [CP] Embed Pods Frameworks */ = {
			isa = PBXShellScriptBuildPhase;
			buildActionMask = 2147483647;
			files = (
			);
			inputFileListPaths = (
				"${PODS_ROOT}/Target Support Files/Pods-Renzzle_FE/Pods-Renzzle_FE-frameworks-${CONFIGURATION}-input-files.xcfilelist",
			);
			name = "[CP] Embed Pods Frameworks";
			outputFileListPaths = (
				"${PODS_ROOT}/Target Support Files/Pods-Renzzle_FE/Pods-Renzzle_FE-frameworks-${CONFIGURATION}-output-files.xcfilelist",
			);
			runOnlyForDeploymentPostprocessing = 0;
			shellPath = /bin/sh;
			shellScript = "\"${PODS_ROOT}/Target Support Files/Pods-Renzzle_FE/Pods-Renzzle_FE-frameworks.sh\"\n";
			showEnvVarsInLog = 0;
		};
		C38B50BA6285516D6DCD4F65 /* [CP] Check Pods Manifest.lock */ = {
			isa = PBXShellScriptBuildPhase;
			buildActionMask = 2147483647;
			files = (
			);
			inputFileListPaths = (
			);
			inputPaths = (
				"${PODS_PODFILE_DIR_PATH}/Podfile.lock",
				"${PODS_ROOT}/Manifest.lock",
			);
			name = "[CP] Check Pods Manifest.lock";
			outputFileListPaths = (
			);
			outputPaths = (
				"$(DERIVED_FILE_DIR)/Pods-Renzzle_FE-checkManifestLockResult.txt",
			);
			runOnlyForDeploymentPostprocessing = 0;
			shellPath = /bin/sh;
			shellScript = "diff \"${PODS_PODFILE_DIR_PATH}/Podfile.lock\" \"${PODS_ROOT}/Manifest.lock\" > /dev/null\nif [ $? != 0 ] ; then\n    # print error to STDERR\n    echo \"error: The sandbox is not in sync with the Podfile.lock. Run 'pod install' or update your CocoaPods installation.\" >&2\n    exit 1\nfi\n# This output is used by Xcode 'outputs' to avoid re-running this script phase.\necho \"SUCCESS\" > \"${SCRIPT_OUTPUT_FILE_0}\"\n";
			showEnvVarsInLog = 0;
		};
		E235C05ADACE081382539298 /* [CP] Copy Pods Resources */ = {
			isa = PBXShellScriptBuildPhase;
			buildActionMask = 2147483647;
			files = (
			);
			inputFileListPaths = (
				"${PODS_ROOT}/Target Support Files/Pods-Renzzle_FE/Pods-Renzzle_FE-resources-${CONFIGURATION}-input-files.xcfilelist",
			);
			name = "[CP] Copy Pods Resources";
			outputFileListPaths = (
				"${PODS_ROOT}/Target Support Files/Pods-Renzzle_FE/Pods-Renzzle_FE-resources-${CONFIGURATION}-output-files.xcfilelist",
			);
			runOnlyForDeploymentPostprocessing = 0;
			shellPath = /bin/sh;
			shellScript = "\"${PODS_ROOT}/Target Support Files/Pods-Renzzle_FE/Pods-Renzzle_FE-resources.sh\"\n";
			showEnvVarsInLog = 0;
		};
		F6A41C54EA430FDDC6A6ED99 /* [CP] Copy Pods Resources */ = {
			isa = PBXShellScriptBuildPhase;
			buildActionMask = 2147483647;
			files = (
			);
			inputFileListPaths = (
				"${PODS_ROOT}/Target Support Files/Pods-Renzzle_FE-Renzzle_FETests/Pods-Renzzle_FE-Renzzle_FETests-resources-${CONFIGURATION}-input-files.xcfilelist",
			);
			name = "[CP] Copy Pods Resources";
			outputFileListPaths = (
				"${PODS_ROOT}/Target Support Files/Pods-Renzzle_FE-Renzzle_FETests/Pods-Renzzle_FE-Renzzle_FETests-resources-${CONFIGURATION}-output-files.xcfilelist",
			);
			runOnlyForDeploymentPostprocessing = 0;
			shellPath = /bin/sh;
			shellScript = "\"${PODS_ROOT}/Target Support Files/Pods-Renzzle_FE-Renzzle_FETests/Pods-Renzzle_FE-Renzzle_FETests-resources.sh\"\n";
			showEnvVarsInLog = 0;
		};
/* End PBXShellScriptBuildPhase section */

/* Begin PBXSourcesBuildPhase section */
		00E356EA1AD99517003FC87E /* Sources */ = {
			isa = PBXSourcesBuildPhase;
			buildActionMask = 2147483647;
			files = (
				00E356F31AD99517003FC87E /* Renzzle_FETests.m in Sources */,
			);
			runOnlyForDeploymentPostprocessing = 0;
		};
		13B07F871A680F5B00A75B9A /* Sources */ = {
			isa = PBXSourcesBuildPhase;
			buildActionMask = 2147483647;
			files = (
				13B07FBC1A68108700A75B9A /* AppDelegate.mm in Sources */,
				13B07FC11A68108700A75B9A /* main.m in Sources */,
				6FE3889D2FA0C51E00896508 /* RenzzleModules.mm in Sources */,
			);
			runOnlyForDeploymentPostprocessing = 0;
		};
/* End PBXSourcesBuildPhase section */

/* Begin PBXTargetDependency section */
		00E356F51AD99517003FC87E /* PBXTargetDependency */ = {
			isa = PBXTargetDependency;
			target = 13B07F861A680F5B00A75B9A /* Renzzle_FE */;
			targetProxy = 00E356F41AD99517003FC87E /* PBXContainerItemProxy */;
		};
/* End PBXTargetDependency section */

/* Begin XCBuildConfiguration section */
		00E356F61AD99517003FC87E /* Debug */ = {
			isa = XCBuildConfiguration;
			baseConfigurationReference = 5B7EB9410499542E8C5724F5 /* Pods-Renzzle_FE-Renzzle_FETests.debug.xcconfig */;
			buildSettings = {
				BUNDLE_LOADER = "$(TEST_HOST)";
				GCC_PREPROCESSOR_DEFINITIONS = (
					"DEBUG=1",
					"$(inherited)",
				);
				INFOPLIST_FILE = Renzzle_FETests/Info.plist;
				IPHONEOS_DEPLOYMENT_TARGET = 13.4;
				LD_RUNPATH_SEARCH_PATHS = (
					"$(inherited)",
					"@executable_path/Frameworks",
					"@loader_path/Frameworks",
				);
				OTHER_LDFLAGS = (
					"-ObjC",
					"-lc++",
					"$(inherited)",
				);
				PRODUCT_BUNDLE_IDENTIFIER = "org.reactjs.native.example.$(PRODUCT_NAME:rfc1034identifier)";
				PRODUCT_NAME = "$(TARGET_NAME)";
				TEST_HOST = "$(BUILT_PRODUCTS_DIR)/Renzzle_FE.app/Renzzle_FE";
			};
			name = Debug;
		};
		00E356F71AD99517003FC87E /* Release */ = {
			isa = XCBuildConfiguration;
			baseConfigurationReference = 89C6BE57DB24E9ADA2F236DE /* Pods-Renzzle_FE-Renzzle_FETests.release.xcconfig */;
			buildSettings = {
				BUNDLE_LOADER = "$(TEST_HOST)";
				COPY_PHASE_STRIP = NO;
				INFOPLIST_FILE = Renzzle_FETests/Info.plist;
				IPHONEOS_DEPLOYMENT_TARGET = 13.4;
				LD_RUNPATH_SEARCH_PATHS = (
					"$(inherited)",
					"@executable_path/Frameworks",
					"@loader_path/Frameworks",
				);
				OTHER_LDFLAGS = (
					"-ObjC",
					"-lc++",
					"$(inherited)",
				);
				PRODUCT_BUNDLE_IDENTIFIER = "org.reactjs.native.example.$(PRODUCT_NAME:rfc1034identifier)";
				PRODUCT_NAME = "$(TARGET_NAME)";
				TEST_HOST = "$(BUILT_PRODUCTS_DIR)/Renzzle_FE.app/Renzzle_FE";
			};
			name = Release;
		};
		13B07F941A680F5B00A75B9A /* Debug */ = {
			isa = XCBuildConfiguration;
			baseConfigurationReference = 3B4392A12AC88292D35C810B /* Pods-Renzzle_FE.debug.xcconfig */;
			buildSettings = {
				ASSETCATALOG_COMPILER_APPICON_NAME = AppIcon;
				CLANG_ENABLE_MODULES = YES;
				CURRENT_PROJECT_VERSION = 1;
				DEVELOPMENT_TEAM = XTFB5FCGMJ;
				ENABLE_BITCODE = NO;
				INFOPLIST_FILE = Renzzle_FE/Info.plist;
				IPHONEOS_DEPLOYMENT_TARGET = 15.6;
				LD_RUNPATH_SEARCH_PATHS = (
					"$(inherited)",
					"@executable_path/Frameworks",
				);
				MARKETING_VERSION = 1.0;
				OTHER_LDFLAGS = (
					"$(inherited)",
					"-ObjC",
					"-lc++",
				);
				PRODUCT_BUNDLE_IDENTIFIER = com.renzzle;
				PRODUCT_NAME = Renzzle_FE;
				SWIFT_OPTIMIZATION_LEVEL = "-Onone";
				SWIFT_VERSION = 5.0;
				VERSIONING_SYSTEM = "apple-generic";
			};
			name = Debug;
		};
		13B07F951A680F5B00A75B9A /* Release */ = {
			isa = XCBuildConfiguration;
			baseConfigurationReference = 5709B34CF0A7D63546082F79 /* Pods-Renzzle_FE.release.xcconfig */;
			buildSettings = {
				ASSETCATALOG_COMPILER_APPICON_NAME = AppIcon;
				CLANG_ENABLE_MODULES = YES;
				CURRENT_PROJECT_VERSION = 1;
				DEVELOPMENT_TEAM = XTFB5FCGMJ;
				INFOPLIST_FILE = Renzzle_FE/Info.plist;
				IPHONEOS_DEPLOYMENT_TARGET = 15.6;
				LD_RUNPATH_SEARCH_PATHS = (
					"$(inherited)",
					"@executable_path/Frameworks",
				);
				MARKETING_VERSION = 1.0;
				OTHER_LDFLAGS = (
					"$(inherited)",
					"-ObjC",
					"-lc++",
				);
				PRODUCT_BUNDLE_IDENTIFIER = com.renzzle;
				PRODUCT_NAME = Renzzle_FE;
				SWIFT_VERSION = 5.0;
				VERSIONING_SYSTEM = "apple-generic";
			};
			name = Release;
		};
		83CBBA201A601CBA00E9B192 /* Debug */ = {
			isa = XCBuildConfiguration;
			buildSettings = {
				ALWAYS_SEARCH_USER_PATHS = NO;
				CC = "";
				CLANG_ANALYZER_LOCALIZABILITY_NONLOCALIZED = YES;
				CLANG_CXX_LANGUAGE_STANDARD = "c++20";
				CLANG_CXX_LIBRARY = "libc++";
				CLANG_ENABLE_MODULES = YES;
				CLANG_ENABLE_OBJC_ARC = YES;
				CLANG_WARN_BLOCK_CAPTURE_AUTORELEASING = YES;
				CLANG_WARN_BOOL_CONVERSION = YES;
				CLANG_WARN_COMMA = YES;
				CLANG_WARN_CONSTANT_CONVERSION = YES;
				CLANG_WARN_DEPRECATED_OBJC_IMPLEMENTATIONS = YES;
				CLANG_WARN_DIRECT_OBJC_ISA_USAGE = YES_ERROR;
				CLANG_WARN_EMPTY_BODY = YES;
				CLANG_WARN_ENUM_CONVERSION = YES;
				CLANG_WARN_INFINITE_RECURSION = YES;
				CLANG_WARN_INT_CONVERSION = YES;
				CLANG_WARN_NON_LITERAL_NULL_CONVERSION = YES;
				CLANG_WARN_OBJC_IMPLICIT_RETAIN_SELF = YES;
				CLANG_WARN_OBJC_LITERAL_CONVERSION = YES;
				CLANG_WARN_OBJC_ROOT_CLASS = YES_ERROR;
				CLANG_WARN_QUOTED_INCLUDE_IN_FRAMEWORK_HEADER = YES;
				CLANG_WARN_RANGE_LOOP_ANALYSIS = YES;
				CLANG_WARN_STRICT_PROTOTYPES = YES;
				CLANG_WARN_SUSPICIOUS_MOVE = YES;
				CLANG_WARN_UNREACHABLE_CODE = YES;
				CLANG_WARN__DUPLICATE_METHOD_MATCH = YES;
				"CODE_SIGN_IDENTITY[sdk=iphoneos*]" = "iPhone Developer";
				COPY_PHASE_STRIP = NO;
				CXX = "";
				ENABLE_STRICT_OBJC_MSGSEND = YES;
				ENABLE_TESTABILITY = YES;
				"EXCLUDED_ARCHS[sdk=iphonesimulator*]" = "";
				GCC_C_LANGUAGE_STANDARD = gnu99;
				GCC_DYNAMIC_NO_PIC = NO;
				GCC_NO_COMMON_BLOCKS = YES;
				GCC_OPTIMIZATION_LEVEL = 0;
				GCC_PREPROCESSOR_DEFINITIONS = (
					"DEBUG=1",
					"$(inherited)",
				);
				GCC_SYMBOLS_PRIVATE_EXTERN = NO;
				GCC_WARN_64_TO_32_BIT_CONVERSION = YES;
				GCC_WARN_ABOUT_RETURN_TYPE = YES_ERROR;
				GCC_WARN_UNDECLARED_SELECTOR = YES;
				GCC_WARN_UNINITIALIZED_AUTOS = YES_AGGRESSIVE;
				GCC_WARN_UNUSED_FUNCTION = YES;
				GCC_WARN_UNUSED_VARIABLE = YES;
				IPHONEOS_DEPLOYMENT_TARGET = 13.4;
				LD = "";
				LDPLUSPLUS = "";
				LD_RUNPATH_SEARCH_PATHS = (
					/usr/lib/swift,
					"$(inherited)",
				);
				LIBRARY_SEARCH_PATHS = (
					"\"$(SDKROOT)/usr/lib/swift\"",
					"\"$(TOOLCHAIN_DIR)/usr/lib/swift/$(PLATFORM_NAME)\"",
					"\"$(inherited)\"",
				);
				MTL_ENABLE_DEBUG_INFO = YES;
				ONLY_ACTIVE_ARCH = YES;
				OTHER_CPLUSPLUSFLAGS = (
					"$(OTHER_CFLAGS)",
					"-DFOLLY_NO_CONFIG",
					"-DFOLLY_MOBILE=1",
					"-DFOLLY_USE_LIBCPP=1",
					"-DFOLLY_CFG_NO_COROUTINES=1",
					"-DFOLLY_HAVE_CLOCK_GETTIME=1",
				);
				OTHER_LDFLAGS = (
					"$(inherited)",
					" ",
				);
				REACT_NATIVE_PATH = "${PODS_ROOT}/../../node_modules/react-native";
				SDKROOT = iphoneos;
				SWIFT_ACTIVE_COMPILATION_CONDITIONS = "$(inherited) DEBUG";
				USE_HERMES = true;
			};
			name = Debug;
		};
		83CBBA211A601CBA00E9B192 /* Release */ = {
			isa = XCBuildConfiguration;
			buildSettings = {
				ALWAYS_SEARCH_USER_PATHS = NO;
				CC = "";
				CLANG_ANALYZER_LOCALIZABILITY_NONLOCALIZED = YES;
				CLANG_CXX_LANGUAGE_STANDARD = "c++20";
				CLANG_CXX_LIBRARY = "libc++";
				CLANG_ENABLE_MODULES = YES;
				CLANG_ENABLE_OBJC_ARC = YES;
				CLANG_WARN_BLOCK_CAPTURE_AUTORELEASING = YES;
				CLANG_WARN_BOOL_CONVERSION = YES;
				CLANG_WARN_COMMA = YES;
				CLANG_WARN_CONSTANT_CONVERSION = YES;
				CLANG_WARN_DEPRECATED_OBJC_IMPLEMENTATIONS = YES;
				CLANG_WARN_DIRECT_OBJC_ISA_USAGE = YES_ERROR;
				CLANG_WARN_EMPTY_BODY = YES;
				CLANG_WARN_ENUM_CONVERSION = YES;
				CLANG_WARN_INFINITE_RECURSION = YES;
				CLANG_WARN_INT_CONVERSION = YES;
				CLANG_WARN_NON_LITERAL_NULL_CONVERSION = YES;
				CLANG_WARN_OBJC_IMPLICIT_RETAIN_SELF = YES;
				CLANG_WARN_OBJC_LITERAL_CONVERSION = YES;
				CLANG_WARN_OBJC_ROOT_CLASS = YES_ERROR;
				CLANG_WARN_QUOTED_INCLUDE_IN_FRAMEWORK_HEADER = YES;
				CLANG_WARN_RANGE_LOOP_ANALYSIS = YES;
				CLANG_WARN_STRICT_PROTOTYPES = YES;
				CLANG_WARN_SUSPICIOUS_MOVE = YES;
				CLANG_WARN_UNREACHABLE_CODE = YES;
				CLANG_WARN__DUPLICATE_METHOD_MATCH = YES;
				"CODE_SIGN_IDENTITY[sdk=iphoneos*]" = "iPhone Developer";
				COPY_PHASE_STRIP = YES;
				CXX = "";
				ENABLE_NS_ASSERTIONS = NO;
				ENABLE_STRICT_OBJC_MSGSEND = YES;
				"EXCLUDED_ARCHS[sdk=iphonesimulator*]" = "";
				GCC_C_LANGUAGE_STANDARD = gnu99;
				GCC_NO_COMMON_BLOCKS = YES;
				GCC_WARN_64_TO_32_BIT_CONVERSION = YES;
				GCC_WARN_ABOUT_RETURN_TYPE = YES_ERROR;
				GCC_WARN_UNDECLARED_SELECTOR = YES;
				GCC_WARN_UNINITIALIZED_AUTOS = YES_AGGRESSIVE;
				GCC_WARN_UNUSED_FUNCTION = YES;
				GCC_WARN_UNUSED_VARIABLE = YES;
				IPHONEOS_DEPLOYMENT_TARGET = 13.4;
				LD = "";
				LDPLUSPLUS = "";
				LD_RUNPATH_SEARCH_PATHS = (
					/usr/lib/swift,
					"$(inherited)",
				);
				LIBRARY_SEARCH_PATHS = (
					"\"$(SDKROOT)/usr/lib/swift\"",
					"\"$(TOOLCHAIN_DIR)/usr/lib/swift/$(PLATFORM_NAME)\"",
					"\"$(inherited)\"",
				);
				MTL_ENABLE_DEBUG_INFO = NO;
				OTHER_CPLUSPLUSFLAGS = (
					"$(OTHER_CFLAGS)",
					"-DFOLLY_NO_CONFIG",
					"-DFOLLY_MOBILE=1",
					"-DFOLLY_USE_LIBCPP=1",
					"-DFOLLY_CFG_NO_COROUTINES=1",
					"-DFOLLY_HAVE_CLOCK_GETTIME=1",
				);
				OTHER_LDFLAGS = (
					"$(inherited)",
					" ",
				);
				REACT_NATIVE_PATH = "${PODS_ROOT}/../../node_modules/react-native";
				SDKROOT = iphoneos;
				USE_HERMES = true;
				VALIDATE_PRODUCT = YES;
			};
			name = Release;
		};
/* End XCBuildConfiguration section */

/* Begin XCConfigurationList section */
		00E357021AD99517003FC87E /* Build configuration list for PBXNativeTarget "Renzzle_FETests" */ = {
			isa = XCConfigurationList;
			buildConfigurations = (
				00E356F61AD99517003FC87E /* Debug */,
				00E356F71AD99517003FC87E /* Release */,
			);
			defaultConfigurationIsVisible = 0;
			defaultConfigurationName = Release;
		};
		13B07F931A680F5B00A75B9A /* Build configuration list for PBXNativeTarget "Renzzle_FE" */ = {
			isa = XCConfigurationList;
			buildConfigurations = (
				13B07F941A680F5B00A75B9A /* Debug */,
				13B07F951A680F5B00A75B9A /* Release */,
			);
			defaultConfigurationIsVisible = 0;
			defaultConfigurationName = Release;
		};
		83CBB9FA1A601CBA00E9B192 /* Build configuration list for PBXProject "Renzzle_FE" */ = {
			isa = XCConfigurationList;
			buildConfigurations = (
				83CBBA201A601CBA00E9B192 /* Debug */,
				83CBBA211A601CBA00E9B192 /* Release */,
			);
			defaultConfigurationIsVisible = 0;
			defaultConfigurationName = Release;
		};
/* End XCConfigurationList section */
	};
	rootObject = 83CBB9F71A601CBA00E9B192 /* Project object */;
}
